
Microsoft Visual Studio Solution File, Format Version 12.00
# Visual Studio Version 17
VisualStudioVersion = 17.14.36616.10
MinimumVisualStudioVersion = 10.0.40219.1
Project("{FAE04EC0-301F-11D3-BF4B-00C04F79EFBC}") = "Backend", "Backend.csproj", "{F53AC03A-B7A2-4449-B7D7-BD14D63F72FA}"
EndProject
Project("{FAE04EC0-301F-11D3-BF4B-00C04F79EFBC}") = "Auth", "modules\Auth\Auth.csproj", "{A80B069F-7A0F-9ACF-C505-D83A170CA820}"
EndProject
Global
	GlobalSection(SolutionConfigurationPlatforms) = preSolution
		Debug|Any CPU = Debug|Any CPU
		Release|Any CPU = Release|Any CPU
	EndGlobalSection
	GlobalSection(ProjectConfigurationPlatforms) = postSolution
		{F53AC03A-B7A2-4449-B7D7-BD14D63F72FA}.Debug|Any CPU.ActiveCfg = Debug|Any CPU
		{F53AC03A-B7A2-4449-B7D7-BD14D63F72FA}.Debug|Any CPU.Build.0 = Debug|Any CPU
		{F53AC03A-B7A2-4449-B7D7-BD14D63F72FA}.Release|Any CPU.ActiveCfg = Release|Any CPU
		{F53AC03A-B7A2-4449-B7D7-BD14D63F72FA}.Release|Any CPU.Build.0 = Release|Any CPU
		{A80B069F-7A0F-9ACF-C505-D83A170CA820}.Debug|Any CPU.ActiveCfg = Debug|Any CPU
		{A80B069F-7A0F-9ACF-C505-D83A170CA820}.Release|Any CPU.ActiveCfg = Release|Any CPU
	EndGlobalSection
	GlobalSection(SolutionProperties) = preSolution
		HideSolutionNode = FALSE
	EndGlobalSection
	GlobalSection(ExtensibilityGlobals) = postSolution
		SolutionGuid = {1379C634-826E-425A-8785-A4B1030B279A}
	EndGlobalSection
EndGlobal
